// !$*UTF8*$!
{
	archiveVersion = 1;
	classes = {
	};
	objectVersion = 46;
	objects = {

/* Begin PBXBuildFile section */
		BDDCAFA71DEFEFC70065D885 /* AppDelegate.swift in Sources */ = {isa = PBXBuildFile; fileRef = BDDCAFA61DEFEFC70065D885 /* AppDelegate.swift */; };
		BDDCAFA91DEFEFC70065D885 /* ViewController.swift in Sources */ = {isa = PBXBuildFile; fileRef = BDDCAFA81DEFEFC70065D885 /* ViewController.swift */; };
		BDDCAFAC1DEFEFC70065D885 /* Main.storyboard in Resources */ = {isa = PBXBuildFile; fileRef = BDDCAFAA1DEFEFC70065D885 /* Main.storyboard */; };
		BDDCAFAE1DEFEFC70065D885 /* Assets.xcassets in Resources */ = {isa = PBXBuildFile; fileRef = BDDCAFAD1DEFEFC70065D885 /* Assets.xcassets */; };
		BDDCAFB11DEFEFC70065D885 /* LaunchScreen.storyboard in Resources */ = {isa = PBXBuildFile; fileRef = BDDCAFAF1DEFEFC70065D885 /* LaunchScreen.storyboard */; };
/* End PBXBuildFile section */

/* Begin PBXFileReference section */
		BDDCAFA31DEFEFC70065D885 /* CodeReader.app */ = {isa = PBXFileReference; explicitFileType = wrapper.application; includeInIndex = 0; path = CodeReader.app; sourceTree = BUILT_PRODUCTS_DIR; };
		BDDCAFA61DEFEFC70065D885 /* AppDelegate.swift */ = {isa = PBXFileReference; lastKnownFileType = sourcecode.swift; path = AppDelegate.swift; sourceTree = "<group>"; };
		BDDCAFA81DEFEFC70065D885 /* ViewController.swift */ = {isa = PBXFileReference; lastKnownFileType = sourcecode.swift; path = ViewController.swift; sourceTree = "<group>"; };
		BDDCAFAB1DEFEFC70065D885 /* Base */ = {isa = PBXFileReference; lastKnownFileType = file.storyboard; name = Base; path = Base.lproj/Main.storyboard; sourceTree = "<group>"; };
		BDDCAFAD1DEFEFC70065D885 /* Assets.xcassets */ = {isa = PBXFileReference; lastKnownFileType = folder.assetcatalog; path = Assets.xcassets; sourceTree = "<group>"; };
		BDDCAFB01DEFEFC70065D885 /* Base */ = {isa = PBXFileReference; lastKnownFileType = file.storyboard; name = Base; path = Base.lproj/LaunchScreen.storyboard; sourceTree = "<group>"; };
		BDDCAFB21DEFEFC70065D885 /* Info.plist */ = {isa = PBXFileReference; lastKnownFileType = text.plist.xml; path = Info.plist; sourceTree = "<group>"; };
/* End PBXFileReference section */

/* Begin PBXFrameworksBuildPhase section */
		BDDCAFA01DEFEFC70065D885 /* Frameworks */ = {
			isa = PBXFrameworksBuildPhase;
			buildActionMask = 2147483647;
			files = (
			);
			runOnlyForDeploymentPostprocessing = 0;
		};
/* End PBXFrameworksBuildPhase section */

/* Begin PBXGroup section */
		BDDCAF9A1DEFEFC70065D885 = {
			isa = PBXGroup;
			children = (
				BDDCAFA51DEFEFC70065D885 /* CodeReader */,
				BDDCAFA41DEFEFC70065D885 /* Products */,
			);
			sourceTree = "<group>";
		};
		BDDCAFA41DEFEFC70065D885 /* Products */ = {
			isa = PBXGroup;
			children = (
				BDDCAFA31DEFEFC70065D885 /* CodeReader.app */,
			);
			name = Products;
			sourceTree = "<group>";
		};
		BDDCAFA51DEFEFC70065D885 /* CodeReader */ = {
			isa = PBXGroup;
			children = (
				BDDCAFA61DEFEFC70065D885 /* AppDelegate.swift */,
				BDDCAFA81DEFEFC70065D885 /* ViewController.swift */,
				BDDCAFAA1DEFEFC70065D885 /* Main.storyboard */,
				BDDCAFAD1DEFEFC70065D885 /* Assets.xcassets */,
				BDDCAFAF1DEFEFC70065D885 /* LaunchScreen.storyboard */,
				BDDCAFB21DEFEFC70065D885 /* Info.plist */,
			);
			path = CodeReader;
			sourceTree = "<group>";
		};
/* End PBXGroup section */

/* Begin PBXNativeTarget section */
		BDDCAFA21DEFEFC70065D885 /* CodeReader */ = {
			isa = PBXNativeTarget;
			buildConfigurationList = BDDCAFB51DEFEFC70065D885 /* Build configuration list for PBXNativeTarget "CodeReader" */;
			buildPhases = (
				BDDCAF9F1DEFEFC70065D885 /* Sources */,
				BDDCAFA01DEFEFC70065D885 /* Frameworks */,
				BDDCAFA11DEFEFC70065D885 /* Resources */,
			);
			buildRules = (
			);
			dependencies = (
			);
			name = CodeReader;
			productName = CodeReader;
			productReference = BDDCAFA31DEFEFC70065D885 /* CodeReader.app */;
			productType = "com.apple.product-type.application";
		};
/* End PBXNativeTarget section */

/* Begin PBXProject section */
		BDDCAF9B1DEFEFC70065D885 /* Project object */ = {
			isa = PBXProject;
			attributes = {
				LastSwiftUpdateCheck = 0810;
				LastUpgradeCheck = 0810;
				ORGANIZATIONNAME = perkinsung;
				TargetAttributes = {
					BDDCAFA21DEFEFC70065D885 = {
						CreatedOnToolsVersion = 8.1;
						DevelopmentTeam = 6GVDL4Y27X;
						ProvisioningStyle = Automatic;
					};
				};
			};
			buildConfigurationList = BDDCAF9E1DEFEFC70065D885 /* Build configuration list for PBXProject "CodeReader" */;
			compatibilityVersion = "Xcode 3.2";
			developmentRegion = English;
			hasScannedForEncodings = 0;
			knownRegions = (
				en,
				Base,
			);
			mainGroup = BDDCAF9A1DEFEFC70065D885;
			productRefGroup = BDDCAFA41DEFEFC70065D885 /* Products */;
			projectDirPath = "";
			projectRoot = "";
			targets = (
				BDDCAFA21DEFEFC70065D885 /* CodeReader */,
			);
		};
/* End PBXProject section */

/* Begin PBXResourcesBuildPhase section */
		BDDCAFA11DEFEFC70065D885 /* Resources */ = {
			isa = PBXResourcesBuildPhase;
			buildActionMask = 2147483647;
			files = (
				BDDCAFB11DEFEFC70065D885 /* LaunchScreen.storyboard in Resources */,
				BDDCAFAE1DEFEFC70065D885 /* Assets.xcassets in Resources */,
				BDDCAFAC1DEFEFC70065D885 /* Main.storyboard in Resources */,
			);
			runOnlyForDeploymentPostprocessing = 0;
		};
/* End PBXResourcesBuildPhase section */

/* Begin PBXSourcesBuildPhase section */
		BDDCAF9F1DEFEFC70065D885 /* Sources */ = {
			isa = PBXSourcesBuildPhase;
			buildActionMask = 2147483647;
			files = (
				BDDCAFA91DEFEFC70065D885 /* ViewController.swift in Sources */,
				BDDCAFA71DEFEFC70065D885 /* AppDelegate.swift in Sources */,
			);
			runOnlyForDeploymentPostprocessing = 0;
		};
/* End PBXSourcesBuildPhase section */

/* Begin PBXVariantGroup section */
		BDDCAFAA1DEFEFC70065D885 /* Main.storyboard */ = {
			isa = PBXVariantGroup;
			children = (
				BDDCAFAB1DEFEFC70065D885 /* Base */,
			);
			name = Main.storyboard;
			sourceTree = "<group>";
		};
		BDDCAFAF1DEFEFC70065D885 /* LaunchScreen.storyboard */ = {
			isa = PBXVariantGroup;
			children = (
				BDDCAFB01DEFEFC70065D885 /* Base */,
			);
			name = LaunchScreen.storyboard;
			sourceTree = "<group>";
		};
/* End PBXVariantGroup section */

/* Begin XCBuildConfiguration section */
		BDDCAFB31DEFEFC70065D885 /* Debug */ = {
			isa = XCBuildConfiguration;
			buildSettings = {
				ALWAYS_SEARCH_USER_PATHS = NO;
				CLANG_ANALYZER_NONNULL = YES;
				CLANG_CXX_LANGUAGE_STANDARD = "gnu++0x";
				CLANG_CXX_LIBRARY = "libc++";
				CLANG_ENABLE_MODULES = YES;
				CLANG_ENABLE_OBJC_ARC = YES;
				CLANG_WARN_BOOL_CONVERSION = YES;
				CLANG_WARN_CONSTANT_CONVERSION = YES;
				CLANG_WARN_DIRECT_OBJC_ISA_USAGE = YES_ERROR;
				CLANG_WARN_DOCUMENTATION_COMMENTS = YES;
				CLANG_WARN_EMPTY_BODY = YES;
				CLANG_WARN_ENUM_CONVERSION = YES;
				CLANG_WARN_INFINITE_RECURSION = YES;
				CLANG_WARN_INT_CONVERSION = YES;
				CLANG_WARN_OBJC_ROOT_CLASS = YES_ERROR;
				CLANG_WARN_SUSPICIOUS_MOVES = YES;
				CLANG_WARN_UNREACHABLE_CODE = YES;
				CLANG_WARN__DUPLICATE_METHOD_MATCH = YES;
				"CODE_SIGN_IDENTITY[sdk=iphoneos*]" = "iPhone Developer";
				COPY_PHASE_STRIP = NO;
				DEBUG_INFORMATION_FORMAT = dwarf;
				ENABLE_STRICT_OBJC_MSGSEND = YES;
				ENABLE_TESTABILITY = YES;
				GCC_C_LANGUAGE_STANDARD = gnu99;
				GCC_DYNAMIC_NO_PIC = NO;
				GCC_NO_COMMON_BLOCKS = YES;
				GCC_OPTIMIZATION_LEVEL = 0;
				GCC_PREPROCESSOR_DEFINITIONS = (
					"DEBUG=1",
					"$(inherited)",
				);
				GCC_WARN_64_TO_32_BIT_CONVERSION = YES;
				GCC_WARN_ABOUT_RETURN_TYPE = YES_ERROR;
				GCC_WARN_UNDECLARED_SELECTOR = YES;
				GCC_WARN_UNINITIALIZED_AUTOS = YES_AGGRESSIVE;
				GCC_WARN_UNUSED_FUNCTION = YES;
				GCC_WARN_UNUSED_VARIABLE = YES;
				IPHONEOS_DEPLOYMENT_TARGET = 10.1;
				MTL_ENABLE_DEBUG_INFO = YES;
				ONLY_ACTIVE_ARCH = YES;
				SDKROOT = iphoneos;
				SWIFT_ACTIVE_COMPILATION_CONDITIONS = DEBUG;
				SWIFT_OPTIMIZATION_LEVEL = "-Onone";
				TARGETED_DEVICE_FAMILY = "1,2";
			};
			name = Debug;
		};
		BDDCAFB41DEFEFC70065D885 /* Release */ = {
			isa = XCBuildConfiguration;
			buildSettings = {
				ALWAYS_SEARCH_USER_PATHS = NO;
				CLANG_ANALYZER_NONNULL = YES;
				CLANG_CXX_LANGUAGE_STANDARD = "gnu++0x";
				CLANG_CXX_LIBRARY = "libc++";
				CLANG_ENABLE_MODULES = YES;
				CLANG_ENABLE_OBJC_ARC = YES;
				CLANG_WARN_BOOL_CONVERSION = YES;
				CLANG_WARN_CONSTANT_CONVERSION = YES;
				CLANG_WARN_DIRECT_OBJC_ISA_USAGE = YES_ERROR;
				CLANG_WARN_DOCUMENTATION_COMMENTS = YES;
				CLANG_WARN_EMPTY_BODY = YES;
				CLANG_WARN_ENUM_CONVERSION = YES;
				CLANG_WARN_INFINITE_RECURSION = YES;
				CLANG_WARN_INT_CONVERSION = YES;
				CLANG_WARN_OBJC_ROOT_CLASS = YES_ERROR;
				CLANG_WARN_SUSPICIOUS_MOVES = YES;
				CLANG_WARN_UNREACHABLE_CODE = YES;
				CLANG_WARN__DUPLICATE_METHOD_MATCH = YES;
				"CODE_SIGN_IDENTITY[sdk=iphoneos*]" = "iPhone Developer";
				COPY_PHASE_STRIP = NO;
				DEBUG_INFORMATION_FORMAT = "dwarf-with-dsym";
				ENABLE_NS_ASSERTIONS = NO;
				ENABLE_STRICT_OBJC_MSGSEND = YES;
				GCC_C_LANGUAGE_STANDARD = gnu99;
				GCC_NO_COMMON_BLOCKS = YES;
				GCC_WARN_64_TO_32_BIT_CONVERSION = YES;
				GCC_WARN_ABOUT_RETURN_TYPE = YES_ERROR;
				GCC_WARN_UNDECLARED_SELECTOR = YES;
				GCC_WARN_UNINITIALIZED_AUTOS = YES_AGGRESSIVE;
				GCC_WARN_UNUSED_FUNCTION = YES;
				GCC_WARN_UNUSED_VARIABLE = YES;
				IPHONEOS_DEPLOYMENT_TARGET = 10.1;
				MTL_ENABLE_DEBUG_INFO = NO;
				SDKROOT = iphoneos;
				SWIFT_OPTIMIZATION_LEVEL = "-Owholemodule";
				TARGETED_DEVICE_FAMILY = "1,2";
				VALIDATE_PRODUCT = YES;
			};
			name = Release;
		};
		BDDCAFB61DEFEFC70065D885 /* Debug */ = {
			isa = XCBuildConfiguration;
			buildSettings = {
				ASSETCATALOG_COMPILER_APPICON_NAME = AppIcon;
				DEVELOPMENT_TEAM = 6GVDL4Y27X;
				INFOPLIST_FILE = CodeReader/Info.plist;
				LD_RUNPATH_SEARCH_PATHS = "$(inherited) @executable_path/Frameworks";
				PRODUCT_BUNDLE_IDENTIFIER = "com.studio-pj.CodeReader";
				PRODUCT_NAME = "$(TARGET_NAME)";
				SWIFT_VERSION = 3.0;
			};
			name = Debug;
		};
		BDDCAFB71DEFEFC70065D885 /* Release */ = {
			isa = XCBuildConfiguration;
			buildSettings = {
				ASSETCATALOG_COMPILER_APPICON_NAME = AppIcon;
				DEVELOPMENT_TEAM = 6GVDL4Y27X;
				INFOPLIST_FILE = CodeReader/Info.plist;
				LD_RUNPATH_SEARCH_PATHS = "$(inherited) @executable_path/Frameworks";
				PRODUCT_BUNDLE_IDENTIFIER = "com.studio-pj.CodeReader";
				PRODUCT_NAME = "$(TARGET_NAME)";
				SWIFT_VERSION = 3.0;
			};
			name = Release;
		};
/* End XCBuildConfiguration section */

/* Begin XCConfigurationList section */
		BDDCAF9E1DEFEFC70065D885 /* Build configuration list for PBXProject "CodeReader" */ = {
			isa = XCConfigurationList;
			buildConfigurations = (
				BDDCAFB31DEFEFC70065D885 /* Debug */,
				BDDCAFB41DEFEFC70065D885 /* Release */,
			);
			defaultConfigurationIsVisible = 0;
			defaultConfigurationName = Release;
		};
		BDDCAFB51DEFEFC70065D885 /* Build configuration list for PBXNativeTarget "CodeReader" */ = {
			isa = XCConfigurationList;
			buildConfigurations = (
				BDDCAFB61DEFEFC70065D885 /* Debug */,
				BDDCAFB71DEFEFC70065D885 /* Release */,
			);
			defaultConfigurationIsVisible = 0;
		};
/* End XCConfigurationList section */
	};
	rootObject = BDDCAF9B1DEFEFC70065D885 /* Project object */;
}
